# This file is generated by running "yarn install" inside your project.
# Manual changes might be lost - proceed with caution!

__metadata:
  version: 6
  cacheKey: 8

"@bluish/core@workspace:.":
  version: 0.0.0-use.local
  resolution: "@bluish/core@workspace:."
  dependencies:
    ts-asynchronous-event-emitter: ^0.0.1
  languageName: unknown
  linkType: soft

"ts-asynchronous-event-emitter@npm:^0.0.1":
  version: 0.0.1
  resolution: "ts-asynchronous-event-emitter@npm:0.0.1"
  checksum: 9e045cf7a95faf8cc43a5208eab4677e1e5cf2660c77b665e628f541f6ae7c23d75a8246aea8d416870c0601de48274d0e31a204d0bf75f67ff5b5f886263e4b
  languageName: node
  linkType: hard
